Microsoft Visual Studio Solution File, Format Version 12.00
# Visual Studio Version 17
VisualStudioVersion = 17.5.2.0
MinimumVisualStudioVersion = 10.0.40219.1
Project("{FAE04EC0-301F-11D3-BF4B-00C04F79EFBC}") = "CRMApi", "CRMApi.csproj", "{79EE7632-E3C2-B847-71BB-7A424628E004}"
EndProject
Global
	GlobalSection(SolutionConfigurationPlatforms) = preSolution
		Debug|Any CPU = Debug|Any CPU
		Release|Any CPU = Release|Any CPU
	EndGlobalSection
	GlobalSection(ProjectConfigurationPlatforms) = postSolution
		{79EE7632-E3C2-B847-71BB-7A424628E004}.Debug|Any CPU.ActiveCfg = Debug|Any CPU
		{79EE7632-E3C2-B847-71BB-7A424628E004}.Debug|Any CPU.Build.0 = Debug|Any CPU
		{79EE7632-E3C2-B847-71BB-7A424628E004}.Release|Any CPU.ActiveCfg = Release|Any CPU
		{79EE7632-E3C2-B847-71BB-7A424628E004}.Release|Any CPU.Build.0 = Release|Any CPU
	EndGlobalSection
	GlobalSection(SolutionProperties) = preSolution
		HideSolutionNode = FALSE
	EndGlobalSection
	GlobalSection(ExtensibilityGlobals) = postSolution
		SolutionGuid = {880DB75A-5B56-4372-8F45-6EFDA46CADDE}
	EndGlobalSection
EndGlobal
